
Microsoft Visual Studio Solution File, Format Version 12.00
# Visual Studio Version 17
VisualStudioVersion = 17.4.33122.133
MinimumVisualStudioVersion = 10.0.40219.1
Project("{FAE04EC0-301F-11D3-BF4B-00C04F79EFBC}") = "WindowsFormsApp3", "WindowsFormsApp3\WindowsFormsApp3.csproj", "{3297F2C7-0B71-4912-BCA5-FDBDBEA2BC4A}"
EndProject
Global
	GlobalSection(SolutionConfigurationPlatforms) = preSolution
		Debug|Any CPU = Debug|Any CPU
		Release|Any CPU = Release|Any CPU
	EndGlobalSection
	GlobalSection(ProjectConfigurationPlatforms) = postSolution
		{3297F2C7-0B71-4912-BCA5-FDBDBEA2BC4A}.Debug|Any CPU.ActiveCfg = Debug|Any CPU
		{3297F2C7-0B71-4912-BCA5-FDBDBEA2BC4A}.Debug|Any CPU.Build.0 = Debug|Any CPU
		{3297F2C7-0B71-4912-BCA5-FDBDBEA2BC4A}.Release|Any CPU.ActiveCfg = Release|Any CPU
		{3297F2C7-0B71-4912-BCA5-FDBDBEA2BC4A}.Release|Any CPU.Build.0 = Release|Any CPU
	EndGlobalSection
	GlobalSection(SolutionProperties) = preSolution
		HideSolutionNode = FALSE
	EndGlobalSection
	GlobalSection(ExtensibilityGlobals) = postSolution
		SolutionGuid = {50BEFBC1-B589-44C9-AAE6-3948624DDDBC}
	EndGlobalSection
EndGlobal
